PODS:
  - Masonry (1.1.0)
  - SVProgressHUD (2.2.5)
  - TQPDFReader-local (0.0.5):
    - Masonry
    - SVProgressHUD

DEPENDENCIES:
  - Masonry
  - TQPDFReader-local (from `./../`)

SPEC REPOS:
  trunk:
    - Masonry
    - SVProgressHUD

EXTERNAL SOURCES:
  TQPDFReader-local:
    :path: "./../"

SPEC CHECKSUMS:
  Masonry: 678fab65091a9290e40e2832a55e7ab731aad201
  SVProgressHUD: 1428aafac632c1f86f62aa4243ec12008d7a51d6
  TQPDFReader-local: 5b5f3979607340219639f9168ebea3e668227d32

PODFILE CHECKSUM: f39ae4a99e1428a2d636c16b95194252d90c0e03

COCOAPODS: 1.16.0
