PODS:
  - FDFullscreenPopGesture (1.1)
  - Masonry (1.1.0)
  - SVProgressHUD (2.2.5)
  - TQPDFReader-local (0.0.5):
    - FDFullscreenPopGesture
    - Masonry
    - SVProgressHUD

DEPENDENCIES:
  - Masonry
  - TQPDFReader-local (from `./../`)

SPEC REPOS:
  https://github.com/CocoaPods/Specs.git:
    - FDFullscreenPopGesture
    - Masonry
    - SVProgressHUD

EXTERNAL SOURCES:
  TQPDFReader-local:
    :path: "./../"

SPEC CHECKSUMS:
  FDFullscreenPopGesture: a8a620179e3d9c40e8e00256dcee1c1a27c6d0f0
  Masonry: 678fab65091a9290e40e2832a55e7ab731aad201
  SVProgressHUD: 1428aafac632c1f86f62aa4243ec12008d7a51d6
  TQPDFReader-local: a9b4bfa6fb4f20de39820cd39b6719d9b8dd87b5

PODFILE CHECKSUM: 3158dfdafcfee74f2ee4f1a242d49cdaf9cb31a8

COCOAPODS: 1.9.1
